
Microsoft Visual Studio Solution File, Format Version 12.00
# Visual Studio 15
VisualStudioVersion = 15.0.28307.168
MinimumVisualStudioVersion = 10.0.40219.1
Project("{FAE04EC0-301F-11D3-BF4B-00C04F79EFBC}") = "Chapter01 Practice", "Chapter01 Practice\Chapter01 Practice.csproj", "{DEC0E497-1F01-48CE-8260-B734518A2231}"
EndProject
Global
	GlobalSection(SolutionConfigurationPlatforms) = preSolution
		Debug|Any CPU = Debug|Any CPU
		Release|Any CPU = Release|Any CPU
	EndGlobalSection
	GlobalSection(ProjectConfigurationPlatforms) = postSolution
		{DEC0E497-1F01-48CE-8260-B734518A2231}.Debug|Any CPU.ActiveCfg = Debug|Any CPU
		{DEC0E497-1F01-48CE-8260-B734518A2231}.Debug|Any CPU.Build.0 = Debug|Any CPU
		{DEC0E497-1F01-48CE-8260-B734518A2231}.Release|Any CPU.ActiveCfg = Release|Any CPU
		{DEC0E497-1F01-48CE-8260-B734518A2231}.Release|Any CPU.Build.0 = Release|Any CPU
	EndGlobalSection
	GlobalSection(SolutionProperties) = preSolution
		HideSolutionNode = FALSE
	EndGlobalSection
	GlobalSection(ExtensibilityGlobals) = postSolution
		SolutionGuid = {E697AF80-B377-4AA4-A2B9-FF2288D4907C}
	EndGlobalSection
EndGlobal
